
Microsoft Visual Studio Solution File, Format Version 12.00
# Visual Studio Version 17
VisualStudioVersion = 17.0.31903.59
MinimumVisualStudioVersion = 10.0.40219.1
Project("{FAE04EC0-301F-11D3-BF4B-00C04F79EFBC}") = "ChessProgram", "ChessProgram\ChessProgram.csproj", "{C366ED70-7AD3-47B7-A606-1A4F645E91C0}"
EndProject
Project("{FAE04EC0-301F-11D3-BF4B-00C04F79EFBC}") = "ChessTests", "ChessTests\ChessTests.csproj", "{E3FFFBCC-DD6D-4158-B4C5-FBD82BA3538C}"
EndProject
Project("{FAE04EC0-301F-11D3-BF4B-00C04F79EFBC}") = "ChessLibrary", "ChessLibrary\ChessLibrary.csproj", "{568EAFD1-6BF8-4321-8838-75336772F7E2}"
EndProject
Global
	GlobalSection(SolutionConfigurationPlatforms) = preSolution
		Debug|Any CPU = Debug|Any CPU
		Release|Any CPU = Release|Any CPU
	EndGlobalSection
	GlobalSection(SolutionProperties) = preSolution
		HideSolutionNode = FALSE
	EndGlobalSection
	GlobalSection(ProjectConfigurationPlatforms) = postSolution
		{A6C580A2-19FD-4119-BA5F-EEEA10635B60}.Debug|Any CPU.ActiveCfg = Debug|Any CPU
		{A6C580A2-19FD-4119-BA5F-EEEA10635B60}.Debug|Any CPU.Build.0 = Debug|Any CPU
		{A6C580A2-19FD-4119-BA5F-EEEA10635B60}.Release|Any CPU.ActiveCfg = Release|Any CPU
		{A6C580A2-19FD-4119-BA5F-EEEA10635B60}.Release|Any CPU.Build.0 = Release|Any CPU
		{C366ED70-7AD3-47B7-A606-1A4F645E91C0}.Debug|Any CPU.ActiveCfg = Debug|Any CPU
		{C366ED70-7AD3-47B7-A606-1A4F645E91C0}.Debug|Any CPU.Build.0 = Debug|Any CPU
		{C366ED70-7AD3-47B7-A606-1A4F645E91C0}.Release|Any CPU.ActiveCfg = Release|Any CPU
		{C366ED70-7AD3-47B7-A606-1A4F645E91C0}.Release|Any CPU.Build.0 = Release|Any CPU
		{E3FFFBCC-DD6D-4158-B4C5-FBD82BA3538C}.Debug|Any CPU.ActiveCfg = Debug|Any CPU
		{E3FFFBCC-DD6D-4158-B4C5-FBD82BA3538C}.Debug|Any CPU.Build.0 = Debug|Any CPU
		{E3FFFBCC-DD6D-4158-B4C5-FBD82BA3538C}.Release|Any CPU.ActiveCfg = Release|Any CPU
		{E3FFFBCC-DD6D-4158-B4C5-FBD82BA3538C}.Release|Any CPU.Build.0 = Release|Any CPU
		{568EAFD1-6BF8-4321-8838-75336772F7E2}.Debug|Any CPU.ActiveCfg = Debug|Any CPU
		{568EAFD1-6BF8-4321-8838-75336772F7E2}.Debug|Any CPU.Build.0 = Debug|Any CPU
		{568EAFD1-6BF8-4321-8838-75336772F7E2}.Release|Any CPU.ActiveCfg = Release|Any CPU
		{568EAFD1-6BF8-4321-8838-75336772F7E2}.Release|Any CPU.Build.0 = Release|Any CPU
	EndGlobalSection
EndGlobal
